// !$*UTF8*$!
{
	archiveVersion = 1;
	classes = {
	};
	objectVersion = 56;
	objects = {

/* Begin PBXBuildFile section */
		688BB7332B8105F300083798 /* AppDelegate.swift in Sources */ = {isa = PBXBuildFile; fileRef = 688BB7322B8105F300083798 /* AppDelegate.swift */; };
		688BB7352B8105F300083798 /* SceneDelegate.swift in Sources */ = {isa = PBXBuildFile; fileRef = 688BB7342B8105F300083798 /* SceneDelegate.swift */; };
		688BB7372B8105F300083798 /* HomeViewController.swift in Sources */ = {isa = PBXBuildFile; fileRef = 688BB7362B8105F300083798 /* HomeViewController.swift */; };
		688BB73A2B8105F300083798 /* Main.storyboard in Resources */ = {isa = PBXBuildFile; fileRef = 688BB7382B8105F300083798 /* Main.storyboard */; };
		688BB73C2B8105F400083798 /* Assets.xcassets in Resources */ = {isa = PBXBuildFile; fileRef = 688BB73B2B8105F400083798 /* Assets.xcassets */; };
		688BB73F2B8105F400083798 /* LaunchScreen.storyboard in Resources */ = {isa = PBXBuildFile; fileRef = 688BB73D2B8105F400083798 /* LaunchScreen.storyboard */; };
		688BB74A2B8105F500083798 /* MercadoSearchUIKitTests.swift in Sources */ = {isa = PBXBuildFile; fileRef = 688BB7492B8105F500083798 /* MercadoSearchUIKitTests.swift */; };
		688BB7662B810DB300083798 /* SearchViewController.swift in Sources */ = {isa = PBXBuildFile; fileRef = 688BB7652B810DB300083798 /* SearchViewController.swift */; };
		688BB7682B810F0900083798 /* SearchCell.swift in Sources */ = {isa = PBXBuildFile; fileRef = 688BB7672B810F0900083798 /* SearchCell.swift */; };
		688BB76A2B81107300083798 /* SearchItem.swift in Sources */ = {isa = PBXBuildFile; fileRef = 688BB7692B81107300083798 /* SearchItem.swift */; };
		688BB76C2B8115D400083798 /* DetailViewController.swift in Sources */ = {isa = PBXBuildFile; fileRef = 688BB76B2B8115D400083798 /* DetailViewController.swift */; };
/* End PBXBuildFile section */

/* Begin PBXContainerItemProxy section */
		688BB7462B8105F500083798 /* PBXContainerItemProxy */ = {
			isa = PBXContainerItemProxy;
			containerPortal = 688BB7272B8105F300083798 /* Project object */;
			proxyType = 1;
			remoteGlobalIDString = 688BB72E2B8105F300083798;
			remoteInfo = MercadoSearchUIKit;
		};
/* End PBXContainerItemProxy section */

/* Begin PBXFileReference section */
		688BB72F2B8105F300083798 /* MercadoSearchUIKit.app */ = {isa = PBXFileReference; explicitFileType = wrapper.application; includeInIndex = 0; path = MercadoSearchUIKit.app; sourceTree = BUILT_PRODUCTS_DIR; };
		688BB7322B8105F300083798 /* AppDelegate.swift */ = {isa = PBXFileReference; lastKnownFileType = sourcecode.swift; path = AppDelegate.swift; sourceTree = "<group>"; };
		688BB7342B8105F300083798 /* SceneDelegate.swift */ = {isa = PBXFileReference; lastKnownFileType = sourcecode.swift; path = SceneDelegate.swift; sourceTree = "<group>"; };
		688BB7362B8105F300083798 /* HomeViewController.swift */ = {isa = PBXFileReference; lastKnownFileType = sourcecode.swift; path = HomeViewController.swift; sourceTree = "<group>"; };
		688BB7392B8105F300083798 /* Base */ = {isa = PBXFileReference; lastKnownFileType = file.storyboard; name = Base; path = Base.lproj/Main.storyboard; sourceTree = "<group>"; };
		688BB73B2B8105F400083798 /* Assets.xcassets */ = {isa = PBXFileReference; lastKnownFileType = folder.assetcatalog; path = Assets.xcassets; sourceTree = "<group>"; };
		688BB73E2B8105F400083798 /* Base */ = {isa = PBXFileReference; lastKnownFileType = file.storyboard; name = Base; path = Base.lproj/LaunchScreen.storyboard; sourceTree = "<group>"; };
		688BB7402B8105F400083798 /* Info.plist */ = {isa = PBXFileReference; lastKnownFileType = text.plist.xml; path = Info.plist; sourceTree = "<group>"; };
		688BB7452B8105F500083798 /* MercadoSearchUIKitTests.xctest */ = {isa = PBXFileReference; explicitFileType = wrapper.cfbundle; includeInIndex = 0; path = MercadoSearchUIKitTests.xctest; sourceTree = BUILT_PRODUCTS_DIR; };
		688BB7492B8105F500083798 /* MercadoSearchUIKitTests.swift */ = {isa = PBXFileReference; lastKnownFileType = sourcecode.swift; path = MercadoSearchUIKitTests.swift; sourceTree = "<group>"; };
		688BB7622B81064400083798 /* MercadoSearchUIKit.xctestplan */ = {isa = PBXFileReference; lastKnownFileType = text; path = MercadoSearchUIKit.xctestplan; sourceTree = "<group>"; };
		688BB7652B810DB300083798 /* SearchViewController.swift */ = {isa = PBXFileReference; lastKnownFileType = sourcecode.swift; path = SearchViewController.swift; sourceTree = "<group>"; };
		688BB7672B810F0900083798 /* SearchCell.swift */ = {isa = PBXFileReference; lastKnownFileType = sourcecode.swift; path = SearchCell.swift; sourceTree = "<group>"; };
		688BB7692B81107300083798 /* SearchItem.swift */ = {isa = PBXFileReference; lastKnownFileType = sourcecode.swift; path = SearchItem.swift; sourceTree = "<group>"; };
		688BB76B2B8115D400083798 /* DetailViewController.swift */ = {isa = PBXFileReference; lastKnownFileType = sourcecode.swift; path = DetailViewController.swift; sourceTree = "<group>"; };
/* End PBXFileReference section */

/* Begin PBXFrameworksBuildPhase section */
		688BB72C2B8105F300083798 /* Frameworks */ = {
			isa = PBXFrameworksBuildPhase;
			buildActionMask = 2147483647;
			files = (
			);
			runOnlyForDeploymentPostprocessing = 0;
		};
		688BB7422B8105F500083798 /* Frameworks */ = {
			isa = PBXFrameworksBuildPhase;
			buildActionMask = 2147483647;
			files = (
			);
			runOnlyForDeploymentPostprocessing = 0;
		};
/* End PBXFrameworksBuildPhase section */

/* Begin PBXGroup section */
		688BB7262B8105F300083798 = {
			isa = PBXGroup;
			children = (
				688BB7622B81064400083798 /* MercadoSearchUIKit.xctestplan */,
				688BB7312B8105F300083798 /* MercadoSearchUIKit */,
				688BB7482B8105F500083798 /* MercadoSearchUIKitTests */,
				688BB7302B8105F300083798 /* Products */,
			);
			sourceTree = "<group>";
		};
		688BB7302B8105F300083798 /* Products */ = {
			isa = PBXGroup;
			children = (
				688BB72F2B8105F300083798 /* MercadoSearchUIKit.app */,
				688BB7452B8105F500083798 /* MercadoSearchUIKitTests.xctest */,
			);
			name = Products;
			sourceTree = "<group>";
		};
		688BB7312B8105F300083798 /* MercadoSearchUIKit */ = {
			isa = PBXGroup;
			children = (
				688BB76D2B8115DA00083798 /* View Controllers */,
				688BB7322B8105F300083798 /* AppDelegate.swift */,
				688BB7342B8105F300083798 /* SceneDelegate.swift */,
				688BB7672B810F0900083798 /* SearchCell.swift */,
				688BB7692B81107300083798 /* SearchItem.swift */,
				688BB7382B8105F300083798 /* Main.storyboard */,
				688BB73B2B8105F400083798 /* Assets.xcassets */,
				688BB73D2B8105F400083798 /* LaunchScreen.storyboard */,
				688BB7402B8105F400083798 /* Info.plist */,
			);
			path = MercadoSearchUIKit;
			sourceTree = "<group>";
		};
		688BB7482B8105F500083798 /* MercadoSearchUIKitTests */ = {
			isa = PBXGroup;
			children = (
				688BB7492B8105F500083798 /* MercadoSearchUIKitTests.swift */,
			);
			path = MercadoSearchUIKitTests;
			sourceTree = "<group>";
		};
		688BB76D2B8115DA00083798 /* View Controllers */ = {
			isa = PBXGroup;
			children = (
				688BB7362B8105F300083798 /* HomeViewController.swift */,
				688BB7652B810DB300083798 /* SearchViewController.swift */,
				688BB76B2B8115D400083798 /* DetailViewController.swift */,
			);
			path = "View Controllers";
			sourceTree = "<group>";
		};
/* End PBXGroup section */

/* Begin PBXNativeTarget section */
		688BB72E2B8105F300083798 /* MercadoSearchUIKit */ = {
			isa = PBXNativeTarget;
			buildConfigurationList = 688BB7592B8105F500083798 /* Build configuration list for PBXNativeTarget "MercadoSearchUIKit" */;
			buildPhases = (
				688BB72B2B8105F300083798 /* Sources */,
				688BB72C2B8105F300083798 /* Frameworks */,
				688BB72D2B8105F300083798 /* Resources */,
			);
			buildRules = (
			);
			dependencies = (
			);
			name = MercadoSearchUIKit;
			productName = MercadoSearchUIKit;
			productReference = 688BB72F2B8105F300083798 /* MercadoSearchUIKit.app */;
			productType = "com.apple.product-type.application";
		};
		688BB7442B8105F500083798 /* MercadoSearchUIKitTests */ = {
			isa = PBXNativeTarget;
			buildConfigurationList = 688BB75C2B8105F500083798 /* Build configuration list for PBXNativeTarget "MercadoSearchUIKitTests" */;
			buildPhases = (
				688BB7412B8105F500083798 /* Sources */,
				688BB7422B8105F500083798 /* Frameworks */,
				688BB7432B8105F500083798 /* Resources */,
			);
			buildRules = (
			);
			dependencies = (
				688BB7472B8105F500083798 /* PBXTargetDependency */,
			);
			name = MercadoSearchUIKitTests;
			productName = MercadoSearchUIKitTests;
			productReference = 688BB7452B8105F500083798 /* MercadoSearchUIKitTests.xctest */;
			productType = "com.apple.product-type.bundle.unit-test";
		};
/* End PBXNativeTarget section */

/* Begin PBXProject section */
		688BB7272B8105F300083798 /* Project object */ = {
			isa = PBXProject;
			attributes = {
				BuildIndependentTargetsInParallel = 1;
				LastSwiftUpdateCheck = 1520;
				LastUpgradeCheck = 1520;
				TargetAttributes = {
					688BB72E2B8105F300083798 = {
						CreatedOnToolsVersion = 15.2;
					};
					688BB7442B8105F500083798 = {
						CreatedOnToolsVersion = 15.2;
						TestTargetID = 688BB72E2B8105F300083798;
					};
				};
			};
			buildConfigurationList = 688BB72A2B8105F300083798 /* Build configuration list for PBXProject "MercadoSearchUIKit" */;
			compatibilityVersion = "Xcode 14.0";
			developmentRegion = en;
			hasScannedForEncodings = 0;
			knownRegions = (
				en,
				Base,
			);
			mainGroup = 688BB7262B8105F300083798;
			productRefGroup = 688BB7302B8105F300083798 /* Products */;
			projectDirPath = "";
			projectRoot = "";
			targets = (
				688BB72E2B8105F300083798 /* MercadoSearchUIKit */,
				688BB7442B8105F500083798 /* MercadoSearchUIKitTests */,
			);
		};
/* End PBXProject section */

/* Begin PBXResourcesBuildPhase section */
		688BB72D2B8105F300083798 /* Resources */ = {
			isa = PBXResourcesBuildPhase;
			buildActionMask = 2147483647;
			files = (
				688BB73F2B8105F400083798 /* LaunchScreen.storyboard in Resources */,
				688BB73C2B8105F400083798 /* Assets.xcassets in Resources */,
				688BB73A2B8105F300083798 /* Main.storyboard in Resources */,
			);
			runOnlyForDeploymentPostprocessing = 0;
		};
		688BB7432B8105F500083798 /* Resources */ = {
			isa = PBXResourcesBuildPhase;
			buildActionMask = 2147483647;
			files = (
			);
			runOnlyForDeploymentPostprocessing = 0;
		};
/* End PBXResourcesBuildPhase section */

/* Begin PBXSourcesBuildPhase section */
		688BB72B2B8105F300083798 /* Sources */ = {
			isa = PBXSourcesBuildPhase;
			buildActionMask = 2147483647;
			files = (
				688BB76A2B81107300083798 /* SearchItem.swift in Sources */,
				688BB7372B8105F300083798 /* HomeViewController.swift in Sources */,
				688BB7682B810F0900083798 /* SearchCell.swift in Sources */,
				688BB7332B8105F300083798 /* AppDelegate.swift in Sources */,
				688BB7662B810DB300083798 /* SearchViewController.swift in Sources */,
				688BB7352B8105F300083798 /* SceneDelegate.swift in Sources */,
				688BB76C2B8115D400083798 /* DetailViewController.swift in Sources */,
			);
			runOnlyForDeploymentPostprocessing = 0;
		};
		688BB7412B8105F500083798 /* Sources */ = {
			isa = PBXSourcesBuildPhase;
			buildActionMask = 2147483647;
			files = (
				688BB74A2B8105F500083798 /* MercadoSearchUIKitTests.swift in Sources */,
			);
			runOnlyForDeploymentPostprocessing = 0;
		};
/* End PBXSourcesBuildPhase section */

/* Begin PBXTargetDependency section */
		688BB7472B8105F500083798 /* PBXTargetDependency */ = {
			isa = PBXTargetDependency;
			target = 688BB72E2B8105F300083798 /* MercadoSearchUIKit */;
			targetProxy = 688BB7462B8105F500083798 /* PBXContainerItemProxy */;
		};
/* End PBXTargetDependency section */

/* Begin PBXVariantGroup section */
		688BB7382B8105F300083798 /* Main.storyboard */ = {
			isa = PBXVariantGroup;
			children = (
				688BB7392B8105F300083798 /* Base */,
			);
			name = Main.storyboard;
			sourceTree = "<group>";
		};
		688BB73D2B8105F400083798 /* LaunchScreen.storyboard */ = {
			isa = PBXVariantGroup;
			children = (
				688BB73E2B8105F400083798 /* Base */,
			);
			name = LaunchScreen.storyboard;
			sourceTree = "<group>";
		};
/* End PBXVariantGroup section */

/* Begin XCBuildConfiguration section */
		688BB7572B8105F500083798 /* Debug */ = {
			isa = XCBuildConfiguration;
			buildSettings = {
				ALWAYS_SEARCH_USER_PATHS = NO;
				ASSETCATALOG_COMPILER_GENERATE_SWIFT_ASSET_SYMBOL_EXTENSIONS = YES;
				CLANG_ANALYZER_NONNULL = YES;
				CLANG_ANALYZER_NUMBER_OBJECT_CONVERSION = YES_AGGRESSIVE;
				CLANG_CXX_LANGUAGE_STANDARD = "gnu++20";
				CLANG_ENABLE_MODULES = YES;
				CLANG_ENABLE_OBJC_ARC = YES;
				CLANG_ENABLE_OBJC_WEAK = YES;
				CLANG_WARN_BLOCK_CAPTURE_AUTORELEASING = YES;
				CLANG_WARN_BOOL_CONVERSION = YES;
				CLANG_WARN_COMMA = YES;
				CLANG_WARN_CONSTANT_CONVERSION = YES;
				CLANG_WARN_DEPRECATED_OBJC_IMPLEMENTATIONS = YES;
				CLANG_WARN_DIRECT_OBJC_ISA_USAGE = YES_ERROR;
				CLANG_WARN_DOCUMENTATION_COMMENTS = YES;
				CLANG_WARN_EMPTY_BODY = YES;
				CLANG_WARN_ENUM_CONVERSION = YES;
				CLANG_WARN_INFINITE_RECURSION = YES;
				CLANG_WARN_INT_CONVERSION = YES;
				CLANG_WARN_NON_LITERAL_NULL_CONVERSION = YES;
				CLANG_WARN_OBJC_IMPLICIT_RETAIN_SELF = YES;
				CLANG_WARN_OBJC_LITERAL_CONVERSION = YES;
				CLANG_WARN_OBJC_ROOT_CLASS = YES_ERROR;
				CLANG_WARN_QUOTED_INCLUDE_IN_FRAMEWORK_HEADER = YES;
				CLANG_WARN_RANGE_LOOP_ANALYSIS = YES;
				CLANG_WARN_STRICT_PROTOTYPES = YES;
				CLANG_WARN_SUSPICIOUS_MOVE = YES;
				CLANG_WARN_UNGUARDED_AVAILABILITY = YES_AGGRESSIVE;
				CLANG_WARN_UNREACHABLE_CODE = YES;
				CLANG_WARN__DUPLICATE_METHOD_MATCH = YES;
				COPY_PHASE_STRIP = NO;
				DEBUG_INFORMATION_FORMAT = dwarf;
				ENABLE_STRICT_OBJC_MSGSEND = YES;
				ENABLE_TESTABILITY = YES;
				ENABLE_USER_SCRIPT_SANDBOXING = YES;
				GCC_C_LANGUAGE_STANDARD = gnu17;
				GCC_DYNAMIC_NO_PIC = NO;
				GCC_NO_COMMON_BLOCKS = YES;
				GCC_OPTIMIZATION_LEVEL = 0;
				GCC_PREPROCESSOR_DEFINITIONS = (
					"DEBUG=1",
					"$(inherited)",
				);
				GCC_WARN_64_TO_32_BIT_CONVERSION = YES;
				GCC_WARN_ABOUT_RETURN_TYPE = YES_ERROR;
				GCC_WARN_UNDECLARED_SELECTOR = YES;
				GCC_WARN_UNINITIALIZED_AUTOS = YES_AGGRESSIVE;
				GCC_WARN_UNUSED_FUNCTION = YES;
				GCC_WARN_UNUSED_VARIABLE = YES;
				IPHONEOS_DEPLOYMENT_TARGET = 15.0;
				LOCALIZATION_PREFERS_STRING_CATALOGS = YES;
				MTL_ENABLE_DEBUG_INFO = INCLUDE_SOURCE;
				MTL_FAST_MATH = YES;
				ONLY_ACTIVE_ARCH = YES;
				SDKROOT = iphoneos;
				SWIFT_ACTIVE_COMPILATION_CONDITIONS = "DEBUG $(inherited)";
				SWIFT_OPTIMIZATION_LEVEL = "-Onone";
			};
			name = Debug;
		};
		688BB7582B8105F500083798 /* Release */ = {
			isa = XCBuildConfiguration;
			buildSettings = {
				ALWAYS_SEARCH_USER_PATHS = NO;
				ASSETCATALOG_COMPILER_GENERATE_SWIFT_ASSET_SYMBOL_EXTENSIONS = YES;
				CLANG_ANALYZER_NONNULL = YES;
				CLANG_ANALYZER_NUMBER_OBJECT_CONVERSION = YES_AGGRESSIVE;
				CLANG_CXX_LANGUAGE_STANDARD = "gnu++20";
				CLANG_ENABLE_MODULES = YES;
				CLANG_ENABLE_OBJC_ARC = YES;
				CLANG_ENABLE_OBJC_WEAK = YES;
				CLANG_WARN_BLOCK_CAPTURE_AUTORELEASING = YES;
				CLANG_WARN_BOOL_CONVERSION = YES;
				CLANG_WARN_COMMA = YES;
				CLANG_WARN_CONSTANT_CONVERSION = YES;
				CLANG_WARN_DEPRECATED_OBJC_IMPLEMENTATIONS = YES;
				CLANG_WARN_DIRECT_OBJC_ISA_USAGE = YES_ERROR;
				CLANG_WARN_DOCUMENTATION_COMMENTS = YES;
				CLANG_WARN_EMPTY_BODY = YES;
				CLANG_WARN_ENUM_CONVERSION = YES;
				CLANG_WARN_INFINITE_RECURSION = YES;
				CLANG_WARN_INT_CONVERSION = YES;
				CLANG_WARN_NON_LITERAL_NULL_CONVERSION = YES;
				CLANG_WARN_OBJC_IMPLICIT_RETAIN_SELF = YES;
				CLANG_WARN_OBJC_LITERAL_CONVERSION = YES;
				CLANG_WARN_OBJC_ROOT_CLASS = YES_ERROR;
				CLANG_WARN_QUOTED_INCLUDE_IN_FRAMEWORK_HEADER = YES;
				CLANG_WARN_RANGE_LOOP_ANALYSIS = YES;
				CLANG_WARN_STRICT_PROTOTYPES = YES;
				CLANG_WARN_SUSPICIOUS_MOVE = YES;
				CLANG_WARN_UNGUARDED_AVAILABILITY = YES_AGGRESSIVE;
				CLANG_WARN_UNREACHABLE_CODE = YES;
				CLANG_WARN__DUPLICATE_METHOD_MATCH = YES;
				COPY_PHASE_STRIP = NO;
				DEBUG_INFORMATION_FORMAT = "dwarf-with-dsym";
				ENABLE_NS_ASSERTIONS = NO;
				ENABLE_STRICT_OBJC_MSGSEND = YES;
				ENABLE_USER_SCRIPT_SANDBOXING = YES;
				GCC_C_LANGUAGE_STANDARD = gnu17;
				GCC_NO_COMMON_BLOCKS = YES;
				GCC_WARN_64_TO_32_BIT_CONVERSION = YES;
				GCC_WARN_ABOUT_RETURN_TYPE = YES_ERROR;
				GCC_WARN_UNDECLARED_SELECTOR = YES;
				GCC_WARN_UNINITIALIZED_AUTOS = YES_AGGRESSIVE;
				GCC_WARN_UNUSED_FUNCTION = YES;
				GCC_WARN_UNUSED_VARIABLE = YES;
				IPHONEOS_DEPLOYMENT_TARGET = 15.0;
				LOCALIZATION_PREFERS_STRING_CATALOGS = YES;
				MTL_ENABLE_DEBUG_INFO = NO;
				MTL_FAST_MATH = YES;
				SDKROOT = iphoneos;
				SWIFT_COMPILATION_MODE = wholemodule;
				VALIDATE_PRODUCT = YES;
			};
			name = Release;
		};
		688BB75A2B8105F500083798 /* Debug */ = {
			isa = XCBuildConfiguration;
			buildSettings = {
				ASSETCATALOG_COMPILER_APPICON_NAME = AppIcon;
				ASSETCATALOG_COMPILER_GLOBAL_ACCENT_COLOR_NAME = AccentColor;
				CODE_SIGN_STYLE = Automatic;
				CURRENT_PROJECT_VERSION = 1;
				GENERATE_INFOPLIST_FILE = YES;
				INFOPLIST_FILE = MercadoSearchUIKit/Info.plist;
				INFOPLIST_KEY_UIApplicationSupportsIndirectInputEvents = YES;
				INFOPLIST_KEY_UILaunchStoryboardName = LaunchScreen;
				INFOPLIST_KEY_UIMainStoryboardFile = Main;
				INFOPLIST_KEY_UISupportedInterfaceOrientations_iPad = "UIInterfaceOrientationPortrait UIInterfaceOrientationPortraitUpsideDown UIInterfaceOrientationLandscapeLeft UIInterfaceOrientationLandscapeRight";
				INFOPLIST_KEY_UISupportedInterfaceOrientations_iPhone = "UIInterfaceOrientationPortrait UIInterfaceOrientationLandscapeLeft UIInterfaceOrientationLandscapeRight";
				LD_RUNPATH_SEARCH_PATHS = (
					"$(inherited)",
					"@executable_path/Frameworks",
				);
				MARKETING_VERSION = 1.0;
				PRODUCT_BUNDLE_IDENTIFIER = com.jonathan.MercadoSearchUIKit;
				PRODUCT_NAME = "$(TARGET_NAME)";
				SWIFT_EMIT_LOC_STRINGS = YES;
				SWIFT_VERSION = 5.0;
				TARGETED_DEVICE_FAMILY = "1,2";
			};
			name = Debug;
		};
		688BB75B2B8105F500083798 /* Release */ = {
			isa = XCBuildConfiguration;
			buildSettings = {
				ASSETCATALOG_COMPILER_APPICON_NAME = AppIcon;
				ASSETCATALOG_COMPILER_GLOBAL_ACCENT_COLOR_NAME = AccentColor;
				CODE_SIGN_STYLE = Automatic;
				CURRENT_PROJECT_VERSION = 1;
				GENERATE_INFOPLIST_FILE = YES;
				INFOPLIST_FILE = MercadoSearchUIKit/Info.plist;
				INFOPLIST_KEY_UIApplicationSupportsIndirectInputEvents = YES;
				INFOPLIST_KEY_UILaunchStoryboardName = LaunchScreen;
				INFOPLIST_KEY_UIMainStoryboardFile = Main;
				INFOPLIST_KEY_UISupportedInterfaceOrientations_iPad = "UIInterfaceOrientationPortrait UIInterfaceOrientationPortraitUpsideDown UIInterfaceOrientationLandscapeLeft UIInterfaceOrientationLandscapeRight";
				INFOPLIST_KEY_UISupportedInterfaceOrientations_iPhone = "UIInterfaceOrientationPortrait UIInterfaceOrientationLandscapeLeft UIInterfaceOrientationLandscapeRight";
				LD_RUNPATH_SEARCH_PATHS = (
					"$(inherited)",
					"@executable_path/Frameworks",
				);
				MARKETING_VERSION = 1.0;
				PRODUCT_BUNDLE_IDENTIFIER = com.jonathan.MercadoSearchUIKit;
				PRODUCT_NAME = "$(TARGET_NAME)";
				SWIFT_EMIT_LOC_STRINGS = YES;
				SWIFT_VERSION = 5.0;
				TARGETED_DEVICE_FAMILY = "1,2";
			};
			name = Release;
		};
		688BB75D2B8105F500083798 /* Debug */ = {
			isa = XCBuildConfiguration;
			buildSettings = {
				ALWAYS_EMBED_SWIFT_STANDARD_LIBRARIES = YES;
				CODE_SIGN_STYLE = Automatic;
				CURRENT_PROJECT_VERSION = 1;
				GENERATE_INFOPLIST_FILE = YES;
				IPHONEOS_DEPLOYMENT_TARGET = 15;
				MARKETING_VERSION = 1.0;
				PRODUCT_BUNDLE_IDENTIFIER = com.jonathan.MercadoSearchUIKitTests;
				PRODUCT_NAME = "$(TARGET_NAME)";
				SWIFT_EMIT_LOC_STRINGS = NO;
				SWIFT_VERSION = 5.0;
				TARGETED_DEVICE_FAMILY = "1,2";
				TEST_HOST = "$(BUILT_PRODUCTS_DIR)/MercadoSearchUIKit.app/$(BUNDLE_EXECUTABLE_FOLDER_PATH)/MercadoSearchUIKit";
			};
			name = Debug;
		};
		688BB75E2B8105F500083798 /* Release */ = {
			isa = XCBuildConfiguration;
			buildSettings = {
				ALWAYS_EMBED_SWIFT_STANDARD_LIBRARIES = YES;
				CODE_SIGN_STYLE = Automatic;
				CURRENT_PROJECT_VERSION = 1;
				GENERATE_INFOPLIST_FILE = YES;
				IPHONEOS_DEPLOYMENT_TARGET = 15;
				MARKETING_VERSION = 1.0;
				PRODUCT_BUNDLE_IDENTIFIER = com.jonathan.MercadoSearchUIKitTests;
				PRODUCT_NAME = "$(TARGET_NAME)";
				SWIFT_EMIT_LOC_STRINGS = NO;
				SWIFT_VERSION = 5.0;
				TARGETED_DEVICE_FAMILY = "1,2";
				TEST_HOST = "$(BUILT_PRODUCTS_DIR)/MercadoSearchUIKit.app/$(BUNDLE_EXECUTABLE_FOLDER_PATH)/MercadoSearchUIKit";
			};
			name = Release;
		};
/* End XCBuildConfiguration section */

/* Begin XCConfigurationList section */
		688BB72A2B8105F300083798 /* Build configuration list for PBXProject "MercadoSearchUIKit" */ = {
			isa = XCConfigurationList;
			buildConfigurations = (
				688BB7572B8105F500083798 /* Debug */,
				688BB7582B8105F500083798 /* Release */,
			);
			defaultConfigurationIsVisible = 0;
			defaultConfigurationName = Release;
		};
		688BB7592B8105F500083798 /* Build configuration list for PBXNativeTarget "MercadoSearchUIKit" */ = {
			isa = XCConfigurationList;
			buildConfigurations = (
				688BB75A2B8105F500083798 /* Debug */,
				688BB75B2B8105F500083798 /* Release */,
			);
			defaultConfigurationIsVisible = 0;
			defaultConfigurationName = Release;
		};
		688BB75C2B8105F500083798 /* Build configuration list for PBXNativeTarget "MercadoSearchUIKitTests" */ = {
			isa = XCConfigurationList;
			buildConfigurations = (
				688BB75D2B8105F500083798 /* Debug */,
				688BB75E2B8105F500083798 /* Release */,
			);
			defaultConfigurationIsVisible = 0;
			defaultConfigurationName = Release;
		};
/* End XCConfigurationList section */
	};
	rootObject = 688BB7272B8105F300083798 /* Project object */;
}
